
Microsoft Visual Studio Solution File, Format Version 12.00
# Visual Studio Version 16
VisualStudioVersion = 16.0.29926.136
MinimumVisualStudioVersion = 10.0.40219.1
Project("{2150E333-8FDC-42A3-9474-1A3956D46DE8}") = "Source", "Source", "{667C0442-0E99-4E99-87C1-FA552E87F1CE}"
EndProject
Project("{9A19103F-16F7-4668-BE54-9A1E7A4F7556}") = "AdventCalendarWebApp", "Source\AdventCalendarWebApp\AdventCalendarWebApp.csproj", "{E02177C2-104F-4F60-A4E7-424CB67E3BE2}"
EndProject
Project("{2150E333-8FDC-42A3-9474-1A3956D46DE8}") = "Test", "Test", "{450364E0-5430-4CD1-922A-746BAEDAEFA2}"
EndProject
Project("{9A19103F-16F7-4668-BE54-9A1E7A4F7556}") = "AdventcalendarTest", "Test\AdventcalendarTest\AdventcalendarTest.csproj", "{932C01BB-8376-40B7-8DEC-1DB8D0D60543}"
EndProject
Global
	GlobalSection(SolutionConfigurationPlatforms) = preSolution
		Debug|Any CPU = Debug|Any CPU
		Release|Any CPU = Release|Any CPU
	EndGlobalSection
	GlobalSection(ProjectConfigurationPlatforms) = postSolution
		{E02177C2-104F-4F60-A4E7-424CB67E3BE2}.Debug|Any CPU.ActiveCfg = Debug|Any CPU
		{E02177C2-104F-4F60-A4E7-424CB67E3BE2}.Debug|Any CPU.Build.0 = Debug|Any CPU
		{E02177C2-104F-4F60-A4E7-424CB67E3BE2}.Release|Any CPU.ActiveCfg = Release|Any CPU
		{E02177C2-104F-4F60-A4E7-424CB67E3BE2}.Release|Any CPU.Build.0 = Release|Any CPU
		{932C01BB-8376-40B7-8DEC-1DB8D0D60543}.Debug|Any CPU.ActiveCfg = Debug|Any CPU
		{932C01BB-8376-40B7-8DEC-1DB8D0D60543}.Debug|Any CPU.Build.0 = Debug|Any CPU
		{932C01BB-8376-40B7-8DEC-1DB8D0D60543}.Release|Any CPU.ActiveCfg = Release|Any CPU
		{932C01BB-8376-40B7-8DEC-1DB8D0D60543}.Release|Any CPU.Build.0 = Release|Any CPU
	EndGlobalSection
	GlobalSection(SolutionProperties) = preSolution
		HideSolutionNode = FALSE
	EndGlobalSection
	GlobalSection(NestedProjects) = preSolution
		{E02177C2-104F-4F60-A4E7-424CB67E3BE2} = {667C0442-0E99-4E99-87C1-FA552E87F1CE}
		{932C01BB-8376-40B7-8DEC-1DB8D0D60543} = {450364E0-5430-4CD1-922A-746BAEDAEFA2}
	EndGlobalSection
	GlobalSection(ExtensibilityGlobals) = postSolution
		SolutionGuid = {FAEC5CB1-462F-4A8D-A5A0-52E7D090C2C0}
	EndGlobalSection
EndGlobal
